
Microsoft Visual Studio Solution File, Format Version 12.00
# Visual Studio Version 17
VisualStudioVersion = 17.8.34330.188
MinimumVisualStudioVersion = 10.0.40219.1
Project("{FAE04EC0-301F-11D3-BF4B-00C04F79EFBC}") = "ManageTasks", "ManageTasks\ManageTasks.csproj", "{1010AF92-4B82-44C8-AA24-C19110C256FA}"
EndProject
Global
	GlobalSection(SolutionConfigurationPlatforms) = preSolution
		Debug|Any CPU = Debug|Any CPU
		Release|Any CPU = Release|Any CPU
	EndGlobalSection
	GlobalSection(ProjectConfigurationPlatforms) = postSolution
		{1010AF92-4B82-44C8-AA24-C19110C256FA}.Debug|Any CPU.ActiveCfg = Debug|Any CPU
		{1010AF92-4B82-44C8-AA24-C19110C256FA}.Debug|Any CPU.Build.0 = Debug|Any CPU
		{1010AF92-4B82-44C8-AA24-C19110C256FA}.Release|Any CPU.ActiveCfg = Release|Any CPU
		{1010AF92-4B82-44C8-AA24-C19110C256FA}.Release|Any CPU.Build.0 = Release|Any CPU
	EndGlobalSection
	GlobalSection(SolutionProperties) = preSolution
		HideSolutionNode = FALSE
	EndGlobalSection
	GlobalSection(ExtensibilityGlobals) = postSolution
		SolutionGuid = {CC34677C-2C53-4BC6-AE43-FCA5EED14876}
	EndGlobalSection
EndGlobal
